
Microsoft Visual Studio Solution File, Format Version 12.00
# Visual Studio Version 16
VisualStudioVersion = 16.0.30804.86
MinimumVisualStudioVersion = 10.0.40219.1
Project("{FAE04EC0-301F-11D3-BF4B-00C04F79EFBC}") = "GameServerGRPC", "GameServerGRPC.csproj", "{AE3C2949-E42B-4C0D-BA9A-3238E4952BD9}"
EndProject
Global
	GlobalSection(SolutionConfigurationPlatforms) = preSolution
		Debug|Any CPU = Debug|Any CPU
		Release|Any CPU = Release|Any CPU
	EndGlobalSection
	GlobalSection(ProjectConfigurationPlatforms) = postSolution
		{AE3C2949-E42B-4C0D-BA9A-3238E4952BD9}.Debug|Any CPU.ActiveCfg = Debug|Any CPU
		{AE3C2949-E42B-4C0D-BA9A-3238E4952BD9}.Debug|Any CPU.Build.0 = Debug|Any CPU
		{AE3C2949-E42B-4C0D-BA9A-3238E4952BD9}.Release|Any CPU.ActiveCfg = Release|Any CPU
		{AE3C2949-E42B-4C0D-BA9A-3238E4952BD9}.Release|Any CPU.Build.0 = Release|Any CPU
	EndGlobalSection
	GlobalSection(SolutionProperties) = preSolution
		HideSolutionNode = FALSE
	EndGlobalSection
	GlobalSection(ExtensibilityGlobals) = postSolution
		SolutionGuid = {DDAFEDE6-1EEA-47E2-8ED0-AC54210F149D}
	EndGlobalSection
EndGlobal
